
Microsoft Visual Studio Solution File, Format Version 12.00
# Visual Studio Version 17
VisualStudioVersion = 17.11.35327.3
MinimumVisualStudioVersion = 10.0.40219.1
Project("{FAE04EC0-301F-11D3-BF4B-00C04F79EFBC}") = "NZWalks2.API", "NZWalks2.API\NZWalks2.API.csproj", "{EAFA826E-4823-4644-B584-DD4C30D0C689}"
EndProject
Global
	GlobalSection(SolutionConfigurationPlatforms) = preSolution
		Debug|Any CPU = Debug|Any CPU
		Release|Any CPU = Release|Any CPU
	EndGlobalSection
	GlobalSection(ProjectConfigurationPlatforms) = postSolution
		{EAFA826E-4823-4644-B584-DD4C30D0C689}.Debug|Any CPU.ActiveCfg = Debug|Any CPU
		{EAFA826E-4823-4644-B584-DD4C30D0C689}.Debug|Any CPU.Build.0 = Debug|Any CPU
		{EAFA826E-4823-4644-B584-DD4C30D0C689}.Release|Any CPU.ActiveCfg = Release|Any CPU
		{EAFA826E-4823-4644-B584-DD4C30D0C689}.Release|Any CPU.Build.0 = Release|Any CPU
	EndGlobalSection
	GlobalSection(SolutionProperties) = preSolution
		HideSolutionNode = FALSE
	EndGlobalSection
	GlobalSection(ExtensibilityGlobals) = postSolution
		SolutionGuid = {E0815BA8-3832-4438-8EDE-380132CD6373}
	EndGlobalSection
EndGlobal
